
Microsoft Visual Studio Solution File, Format Version 12.00
# Visual Studio 2012
Project("{FAE04EC0-301F-11D3-BF4B-00C04F79EFBC}") = "Calculator", "Calculator\Calculator.csproj", "{BFF90691-530D-4F63-BBDA-8D46031327CD}"
EndProject
Global
	GlobalSection(SolutionConfigurationPlatforms) = preSolution
		Debug|x86 = Debug|x86
		Release|x86 = Release|x86
	EndGlobalSection
	GlobalSection(ProjectConfigurationPlatforms) = postSolution
		{BFF90691-530D-4F63-BBDA-8D46031327CD}.Debug|x86.ActiveCfg = Debug|x86
		{BFF90691-530D-4F63-BBDA-8D46031327CD}.Debug|x86.Build.0 = Debug|x86
		{BFF90691-530D-4F63-BBDA-8D46031327CD}.Release|x86.ActiveCfg = Release|x86
		{BFF90691-530D-4F63-BBDA-8D46031327CD}.Release|x86.Build.0 = Release|x86
	EndGlobalSection
EndGlobal
